// !$*UTF8*$!
{
	archiveVersion = 1;
	classes = {
	};
	objectVersion = 56;
	objects = {

/* Begin PBXBuildFile section */
		47131EDF2949277400188EF4 /* FollowerListVC.swift in Sources */ = {isa = PBXBuildFile; fileRef = 47131EDE2949277400188EF4 /* FollowerListVC.swift */; };
		47131EE1294931BE00188EF4 /* GFTitleLabel.swift in Sources */ = {isa = PBXBuildFile; fileRef = 47131EE0294931BE00188EF4 /* GFTitleLabel.swift */; };
		47131EE32949347C00188EF4 /* GFBodyLabel.swift in Sources */ = {isa = PBXBuildFile; fileRef = 47131EE22949347C00188EF4 /* GFBodyLabel.swift */; };
		47131EE5294934F300188EF4 /* GFAlertVC.swift in Sources */ = {isa = PBXBuildFile; fileRef = 47131EE4294934F300188EF4 /* GFAlertVC.swift */; };
		47131EE72949379A00188EF4 /* UIViewController+Ext.swift in Sources */ = {isa = PBXBuildFile; fileRef = 47131EE62949379A00188EF4 /* UIViewController+Ext.swift */; };
		472277C72947A4B800F096E8 /* AppDelegate.swift in Sources */ = {isa = PBXBuildFile; fileRef = 472277C62947A4B800F096E8 /* AppDelegate.swift */; };
		472277C92947A4B800F096E8 /* SceneDelegate.swift in Sources */ = {isa = PBXBuildFile; fileRef = 472277C82947A4B800F096E8 /* SceneDelegate.swift */; };
		472277D02947A4BC00F096E8 /* Assets.xcassets in Resources */ = {isa = PBXBuildFile; fileRef = 472277CF2947A4BC00F096E8 /* Assets.xcassets */; };
		472277D32947A4BC00F096E8 /* LaunchScreen.storyboard in Resources */ = {isa = PBXBuildFile; fileRef = 472277D12947A4BC00F096E8 /* LaunchScreen.storyboard */; };
		472277DB2947BB4C00F096E8 /* SearchVC.swift in Sources */ = {isa = PBXBuildFile; fileRef = 472277DA2947BB4C00F096E8 /* SearchVC.swift */; };
		472277DD2947BBC800F096E8 /* FavoritesListVC.swift in Sources */ = {isa = PBXBuildFile; fileRef = 472277DC2947BBC800F096E8 /* FavoritesListVC.swift */; };
		472277DF2947C59500F096E8 /* GFButton.swift in Sources */ = {isa = PBXBuildFile; fileRef = 472277DE2947C59500F096E8 /* GFButton.swift */; };
		472277E12947D7CD00F096E8 /* GFTextField.swift in Sources */ = {isa = PBXBuildFile; fileRef = 472277E02947D7CD00F096E8 /* GFTextField.swift */; };
		472CDF43294D200C00D8EC73 /* GHEmptyState.swift in Sources */ = {isa = PBXBuildFile; fileRef = 472CDF42294D200C00D8EC73 /* GHEmptyState.swift */; };
		474C19CA2950D68400538627 /* UserInfoVC.swift in Sources */ = {isa = PBXBuildFile; fileRef = 474C19C92950D68400538627 /* UserInfoVC.swift */; };
		474C19CC2950F8B900538627 /* GFUserInfoHeaderVC.swift in Sources */ = {isa = PBXBuildFile; fileRef = 474C19CB2950F8B900538627 /* GFUserInfoHeaderVC.swift */; };
		474C19CE2950F92800538627 /* GFSecondaryTitleLabel.swift in Sources */ = {isa = PBXBuildFile; fileRef = 474C19CD2950F92800538627 /* GFSecondaryTitleLabel.swift */; };
		474C19D02950FDE700538627 /* Constants.swift in Sources */ = {isa = PBXBuildFile; fileRef = 474C19CF2950FDE700538627 /* Constants.swift */; };
		474C19D2295113B400538627 /* GFItemInfoView.swift in Sources */ = {isa = PBXBuildFile; fileRef = 474C19D1295113B400538627 /* GFItemInfoView.swift */; };
		47B1477F294A369E005D5B62 /* Follower.swift in Sources */ = {isa = PBXBuildFile; fileRef = 47B1477E294A369E005D5B62 /* Follower.swift */; };
		47B14781294A3737005D5B62 /* User.swift in Sources */ = {isa = PBXBuildFile; fileRef = 47B14780294A3737005D5B62 /* User.swift */; };
		47B14784294A3A94005D5B62 /* NetworkManager.swift in Sources */ = {isa = PBXBuildFile; fileRef = 47B14783294A3A94005D5B62 /* NetworkManager.swift */; };
		47B14787294A451D005D5B62 /* GFError.swift in Sources */ = {isa = PBXBuildFile; fileRef = 47B14786294A451D005D5B62 /* GFError.swift */; };
		47B1478A294A4BBA005D5B62 /* FollowerCell.swift in Sources */ = {isa = PBXBuildFile; fileRef = 47B14789294A4BBA005D5B62 /* FollowerCell.swift */; };
		47B1478C294A4C67005D5B62 /* GFAvatarImageView.swift in Sources */ = {isa = PBXBuildFile; fileRef = 47B1478B294A4C67005D5B62 /* GFAvatarImageView.swift */; };
		47B1478E294A74D5005D5B62 /* UIHelper.swift in Sources */ = {isa = PBXBuildFile; fileRef = 47B1478D294A74D5005D5B62 /* UIHelper.swift */; };
/* End PBXBuildFile section */

/* Begin PBXFileReference section */
		47131EDE2949277400188EF4 /* FollowerListVC.swift */ = {isa = PBXFileReference; lastKnownFileType = sourcecode.swift; path = FollowerListVC.swift; sourceTree = "<group>"; };
		47131EE0294931BE00188EF4 /* GFTitleLabel.swift */ = {isa = PBXFileReference; lastKnownFileType = sourcecode.swift; path = GFTitleLabel.swift; sourceTree = "<group>"; };
		47131EE22949347C00188EF4 /* GFBodyLabel.swift */ = {isa = PBXFileReference; lastKnownFileType = sourcecode.swift; path = GFBodyLabel.swift; sourceTree = "<group>"; };
		47131EE4294934F300188EF4 /* GFAlertVC.swift */ = {isa = PBXFileReference; lastKnownFileType = sourcecode.swift; path = GFAlertVC.swift; sourceTree = "<group>"; };
		47131EE62949379A00188EF4 /* UIViewController+Ext.swift */ = {isa = PBXFileReference; lastKnownFileType = sourcecode.swift; path = "UIViewController+Ext.swift"; sourceTree = "<group>"; };
		472277C32947A4B800F096E8 /* GitHubFollowers.app */ = {isa = PBXFileReference; explicitFileType = wrapper.application; includeInIndex = 0; path = GitHubFollowers.app; sourceTree = BUILT_PRODUCTS_DIR; };
		472277C62947A4B800F096E8 /* AppDelegate.swift */ = {isa = PBXFileReference; lastKnownFileType = sourcecode.swift; path = AppDelegate.swift; sourceTree = "<group>"; };
		472277C82947A4B800F096E8 /* SceneDelegate.swift */ = {isa = PBXFileReference; lastKnownFileType = sourcecode.swift; path = SceneDelegate.swift; sourceTree = "<group>"; };
		472277CF2947A4BC00F096E8 /* Assets.xcassets */ = {isa = PBXFileReference; lastKnownFileType = folder.assetcatalog; path = Assets.xcassets; sourceTree = "<group>"; };
		472277D22947A4BC00F096E8 /* Base */ = {isa = PBXFileReference; lastKnownFileType = file.storyboard; name = Base; path = Base.lproj/LaunchScreen.storyboard; sourceTree = "<group>"; };
		472277D42947A4BC00F096E8 /* Info.plist */ = {isa = PBXFileReference; lastKnownFileType = text.plist.xml; path = Info.plist; sourceTree = "<group>"; };
		472277DA2947BB4C00F096E8 /* SearchVC.swift */ = {isa = PBXFileReference; lastKnownFileType = sourcecode.swift; path = SearchVC.swift; sourceTree = "<group>"; };
		472277DC2947BBC800F096E8 /* FavoritesListVC.swift */ = {isa = PBXFileReference; lastKnownFileType = sourcecode.swift; path = FavoritesListVC.swift; sourceTree = "<group>"; };
		472277DE2947C59500F096E8 /* GFButton.swift */ = {isa = PBXFileReference; lastKnownFileType = sourcecode.swift; path = GFButton.swift; sourceTree = "<group>"; };
		472277E02947D7CD00F096E8 /* GFTextField.swift */ = {isa = PBXFileReference; lastKnownFileType = sourcecode.swift; path = GFTextField.swift; sourceTree = "<group>"; };
		472CDF42294D200C00D8EC73 /* GHEmptyState.swift */ = {isa = PBXFileReference; lastKnownFileType = sourcecode.swift; path = GHEmptyState.swift; sourceTree = "<group>"; };
		474C19C92950D68400538627 /* UserInfoVC.swift */ = {isa = PBXFileReference; lastKnownFileType = sourcecode.swift; path = UserInfoVC.swift; sourceTree = "<group>"; };
		474C19CB2950F8B900538627 /* GFUserInfoHeaderVC.swift */ = {isa = PBXFileReference; lastKnownFileType = sourcecode.swift; path = GFUserInfoHeaderVC.swift; sourceTree = "<group>"; };
		474C19CD2950F92800538627 /* GFSecondaryTitleLabel.swift */ = {isa = PBXFileReference; lastKnownFileType = sourcecode.swift; path = GFSecondaryTitleLabel.swift; sourceTree = "<group>"; };
		474C19CF2950FDE700538627 /* Constants.swift */ = {isa = PBXFileReference; lastKnownFileType = sourcecode.swift; path = Constants.swift; sourceTree = "<group>"; };
		474C19D1295113B400538627 /* GFItemInfoView.swift */ = {isa = PBXFileReference; lastKnownFileType = sourcecode.swift; path = GFItemInfoView.swift; sourceTree = "<group>"; };
		47B1477E294A369E005D5B62 /* Follower.swift */ = {isa = PBXFileReference; lastKnownFileType = sourcecode.swift; path = Follower.swift; sourceTree = "<group>"; };
		47B14780294A3737005D5B62 /* User.swift */ = {isa = PBXFileReference; lastKnownFileType = sourcecode.swift; path = User.swift; sourceTree = "<group>"; };
		47B14783294A3A94005D5B62 /* NetworkManager.swift */ = {isa = PBXFileReference; lastKnownFileType = sourcecode.swift; path = NetworkManager.swift; sourceTree = "<group>"; };
		47B14786294A451D005D5B62 /* GFError.swift */ = {isa = PBXFileReference; lastKnownFileType = sourcecode.swift; path = GFError.swift; sourceTree = "<group>"; };
		47B14789294A4BBA005D5B62 /* FollowerCell.swift */ = {isa = PBXFileReference; lastKnownFileType = sourcecode.swift; path = FollowerCell.swift; sourceTree = "<group>"; };
		47B1478B294A4C67005D5B62 /* GFAvatarImageView.swift */ = {isa = PBXFileReference; lastKnownFileType = sourcecode.swift; path = GFAvatarImageView.swift; sourceTree = "<group>"; };
		47B1478D294A74D5005D5B62 /* UIHelper.swift */ = {isa = PBXFileReference; lastKnownFileType = sourcecode.swift; path = UIHelper.swift; sourceTree = "<group>"; };
/* End PBXFileReference section */

/* Begin PBXFrameworksBuildPhase section */
		472277C02947A4B800F096E8 /* Frameworks */ = {
			isa = PBXFrameworksBuildPhase;
			buildActionMask = 2147483647;
			files = (
			);
			runOnlyForDeploymentPostprocessing = 0;
		};
/* End PBXFrameworksBuildPhase section */

/* Begin PBXGroup section */
		472277BA2947A4B800F096E8 = {
			isa = PBXGroup;
			children = (
				472277C52947A4B800F096E8 /* GitHubFollowers */,
				472277C42947A4B800F096E8 /* Products */,
			);
			sourceTree = "<group>";
		};
		472277C42947A4B800F096E8 /* Products */ = {
			isa = PBXGroup;
			children = (
				472277C32947A4B800F096E8 /* GitHubFollowers.app */,
			);
			name = Products;
			sourceTree = "<group>";
		};
		472277C52947A4B800F096E8 /* GitHubFollowers */ = {
			isa = PBXGroup;
			children = (
				47B14785294A44B5005D5B62 /* Utilities */,
				47B14782294A3A7F005D5B62 /* Managers */,
				47B1477D294A3689005D5B62 /* Model */,
				47B1477A294A3419005D5B62 /* CustomViews */,
				47B14779294A33D3005D5B62 /* Controllers */,
				47B1477B294A3448005D5B62 /* Extension */,
				47B1477C294A34BB005D5B62 /* Support */,
				472277D42947A4BC00F096E8 /* Info.plist */,
			);
			path = GitHubFollowers;
			sourceTree = "<group>";
		};
		472CDF3D294D1F7E00D8EC73 /* Buttons */ = {
			isa = PBXGroup;
			children = (
				472277DE2947C59500F096E8 /* GFButton.swift */,
			);
			path = Buttons;
			sourceTree = "<group>";
		};
		472CDF3E294D1F8600D8EC73 /* ImageViews */ = {
			isa = PBXGroup;
			children = (
				47B1478B294A4C67005D5B62 /* GFAvatarImageView.swift */,
			);
			path = ImageViews;
			sourceTree = "<group>";
		};
		472CDF3F294D1F9500D8EC73 /* Labels */ = {
			isa = PBXGroup;
			children = (
				47131EE0294931BE00188EF4 /* GFTitleLabel.swift */,
				47131EE22949347C00188EF4 /* GFBodyLabel.swift */,
				474C19CD2950F92800538627 /* GFSecondaryTitleLabel.swift */,
			);
			path = Labels;
			sourceTree = "<group>";
		};
		472CDF40294D1F9B00D8EC73 /* TextFields */ = {
			isa = PBXGroup;
			children = (
				472277E02947D7CD00F096E8 /* GFTextField.swift */,
			);
			path = TextFields;
			sourceTree = "<group>";
		};
		472CDF41294D1FDF00D8EC73 /* Views */ = {
			isa = PBXGroup;
			children = (
				47131EE4294934F300188EF4 /* GFAlertVC.swift */,
				472CDF42294D200C00D8EC73 /* GHEmptyState.swift */,
				474C19CB2950F8B900538627 /* GFUserInfoHeaderVC.swift */,
				474C19D1295113B400538627 /* GFItemInfoView.swift */,
			);
			path = Views;
			sourceTree = "<group>";
		};
		47B14779294A33D3005D5B62 /* Controllers */ = {
			isa = PBXGroup;
			children = (
				47131EDE2949277400188EF4 /* FollowerListVC.swift */,
				472277DC2947BBC800F096E8 /* FavoritesListVC.swift */,
				472277DA2947BB4C00F096E8 /* SearchVC.swift */,
				474C19C92950D68400538627 /* UserInfoVC.swift */,
			);
			path = Controllers;
			sourceTree = "<group>";
		};
		47B1477A294A3419005D5B62 /* CustomViews */ = {
			isa = PBXGroup;
			children = (
				472CDF41294D1FDF00D8EC73 /* Views */,
				472CDF40294D1F9B00D8EC73 /* TextFields */,
				472CDF3F294D1F9500D8EC73 /* Labels */,
				472CDF3E294D1F8600D8EC73 /* ImageViews */,
				472CDF3D294D1F7E00D8EC73 /* Buttons */,
				47B14788294A4B8E005D5B62 /* Cells */,
			);
			path = CustomViews;
			sourceTree = "<group>";
		};
		47B1477B294A3448005D5B62 /* Extension */ = {
			isa = PBXGroup;
			children = (
				47131EE62949379A00188EF4 /* UIViewController+Ext.swift */,
			);
			path = Extension;
			sourceTree = "<group>";
		};
		47B1477C294A34BB005D5B62 /* Support */ = {
			isa = PBXGroup;
			children = (
				472277C82947A4B800F096E8 /* SceneDelegate.swift */,
				472277C62947A4B800F096E8 /* AppDelegate.swift */,
				472277CF2947A4BC00F096E8 /* Assets.xcassets */,
				472277D12947A4BC00F096E8 /* LaunchScreen.storyboard */,
			);
			path = Support;
			sourceTree = "<group>";
		};
		47B1477D294A3689005D5B62 /* Model */ = {
			isa = PBXGroup;
			children = (
				47B1477E294A369E005D5B62 /* Follower.swift */,
				47B14780294A3737005D5B62 /* User.swift */,
			);
			path = Model;
			sourceTree = "<group>";
		};
		47B14782294A3A7F005D5B62 /* Managers */ = {
			isa = PBXGroup;
			children = (
				47B14783294A3A94005D5B62 /* NetworkManager.swift */,
			);
			path = Managers;
			sourceTree = "<group>";
		};
		47B14785294A44B5005D5B62 /* Utilities */ = {
			isa = PBXGroup;
			children = (
				47B14786294A451D005D5B62 /* GFError.swift */,
				47B1478D294A74D5005D5B62 /* UIHelper.swift */,
				474C19CF2950FDE700538627 /* Constants.swift */,
			);
			path = Utilities;
			sourceTree = "<group>";
		};
		47B14788294A4B8E005D5B62 /* Cells */ = {
			isa = PBXGroup;
			children = (
				47B14789294A4BBA005D5B62 /* FollowerCell.swift */,
			);
			path = Cells;
			sourceTree = "<group>";
		};
/* End PBXGroup section */

/* Begin PBXNativeTarget section */
		472277C22947A4B800F096E8 /* GitHubFollowers */ = {
			isa = PBXNativeTarget;
			buildConfigurationList = 472277D72947A4BC00F096E8 /* Build configuration list for PBXNativeTarget "GitHubFollowers" */;
			buildPhases = (
				472277BF2947A4B800F096E8 /* Sources */,
				472277C02947A4B800F096E8 /* Frameworks */,
				472277C12947A4B800F096E8 /* Resources */,
			);
			buildRules = (
			);
			dependencies = (
			);
			name = GitHubFollowers;
			productName = GitHubFollowers;
			productReference = 472277C32947A4B800F096E8 /* GitHubFollowers.app */;
			productType = "com.apple.product-type.application";
		};
/* End PBXNativeTarget section */

/* Begin PBXProject section */
		472277BB2947A4B800F096E8 /* Project object */ = {
			isa = PBXProject;
			attributes = {
				BuildIndependentTargetsInParallel = 1;
				LastSwiftUpdateCheck = 1410;
				LastUpgradeCheck = 1410;
				TargetAttributes = {
					472277C22947A4B800F096E8 = {
						CreatedOnToolsVersion = 14.1;
					};
				};
			};
			buildConfigurationList = 472277BE2947A4B800F096E8 /* Build configuration list for PBXProject "GitHubFollowers" */;
			compatibilityVersion = "Xcode 14.0";
			developmentRegion = en;
			hasScannedForEncodings = 0;
			knownRegions = (
				en,
				Base,
			);
			mainGroup = 472277BA2947A4B800F096E8;
			productRefGroup = 472277C42947A4B800F096E8 /* Products */;
			projectDirPath = "";
			projectRoot = "";
			targets = (
				472277C22947A4B800F096E8 /* GitHubFollowers */,
			);
		};
/* End PBXProject section */

/* Begin PBXResourcesBuildPhase section */
		472277C12947A4B800F096E8 /* Resources */ = {
			isa = PBXResourcesBuildPhase;
			buildActionMask = 2147483647;
			files = (
				472277D32947A4BC00F096E8 /* LaunchScreen.storyboard in Resources */,
				472277D02947A4BC00F096E8 /* Assets.xcassets in Resources */,
			);
			runOnlyForDeploymentPostprocessing = 0;
		};
/* End PBXResourcesBuildPhase section */

/* Begin PBXSourcesBuildPhase section */
		472277BF2947A4B800F096E8 /* Sources */ = {
			isa = PBXSourcesBuildPhase;
			buildActionMask = 2147483647;
			files = (
				47B14781294A3737005D5B62 /* User.swift in Sources */,
				472277E12947D7CD00F096E8 /* GFTextField.swift in Sources */,
				472277DD2947BBC800F096E8 /* FavoritesListVC.swift in Sources */,
				472277DF2947C59500F096E8 /* GFButton.swift in Sources */,
				47131EE72949379A00188EF4 /* UIViewController+Ext.swift in Sources */,
				47B1478E294A74D5005D5B62 /* UIHelper.swift in Sources */,
				474C19D02950FDE700538627 /* Constants.swift in Sources */,
				47B1478C294A4C67005D5B62 /* GFAvatarImageView.swift in Sources */,
				47131EE32949347C00188EF4 /* GFBodyLabel.swift in Sources */,
				47131EE5294934F300188EF4 /* GFAlertVC.swift in Sources */,
				474C19D2295113B400538627 /* GFItemInfoView.swift in Sources */,
				47B1478A294A4BBA005D5B62 /* FollowerCell.swift in Sources */,
				472CDF43294D200C00D8EC73 /* GHEmptyState.swift in Sources */,
				474C19CC2950F8B900538627 /* GFUserInfoHeaderVC.swift in Sources */,
				47B14787294A451D005D5B62 /* GFError.swift in Sources */,
				472277DB2947BB4C00F096E8 /* SearchVC.swift in Sources */,
				47B1477F294A369E005D5B62 /* Follower.swift in Sources */,
				474C19CE2950F92800538627 /* GFSecondaryTitleLabel.swift in Sources */,
				47131EE1294931BE00188EF4 /* GFTitleLabel.swift in Sources */,
				47B14784294A3A94005D5B62 /* NetworkManager.swift in Sources */,
				472277C72947A4B800F096E8 /* AppDelegate.swift in Sources */,
				472277C92947A4B800F096E8 /* SceneDelegate.swift in Sources */,
				47131EDF2949277400188EF4 /* FollowerListVC.swift in Sources */,
				474C19CA2950D68400538627 /* UserInfoVC.swift in Sources */,
			);
			runOnlyForDeploymentPostprocessing = 0;
		};
/* End PBXSourcesBuildPhase section */

/* Begin PBXVariantGroup section */
		472277D12947A4BC00F096E8 /* LaunchScreen.storyboard */ = {
			isa = PBXVariantGroup;
			children = (
				472277D22947A4BC00F096E8 /* Base */,
			);
			name = LaunchScreen.storyboard;
			sourceTree = "<group>";
		};
/* End PBXVariantGroup section */

/* Begin XCBuildConfiguration section */
		472277D52947A4BC00F096E8 /* Debug */ = {
			isa = XCBuildConfiguration;
			buildSettings = {
				ALWAYS_SEARCH_USER_PATHS = NO;
				CLANG_ANALYZER_NONNULL = YES;
				CLANG_ANALYZER_NUMBER_OBJECT_CONVERSION = YES_AGGRESSIVE;
				CLANG_CXX_LANGUAGE_STANDARD = "gnu++20";
				CLANG_ENABLE_MODULES = YES;
				CLANG_ENABLE_OBJC_ARC = YES;
				CLANG_ENABLE_OBJC_WEAK = YES;
				CLANG_WARN_BLOCK_CAPTURE_AUTORELEASING = YES;
				CLANG_WARN_BOOL_CONVERSION = YES;
				CLANG_WARN_COMMA = YES;
				CLANG_WARN_CONSTANT_CONVERSION = YES;
				CLANG_WARN_DEPRECATED_OBJC_IMPLEMENTATIONS = YES;
				CLANG_WARN_DIRECT_OBJC_ISA_USAGE = YES_ERROR;
				CLANG_WARN_DOCUMENTATION_COMMENTS = YES;
				CLANG_WARN_EMPTY_BODY = YES;
				CLANG_WARN_ENUM_CONVERSION = YES;
				CLANG_WARN_INFINITE_RECURSION = YES;
				CLANG_WARN_INT_CONVERSION = YES;
				CLANG_WARN_NON_LITERAL_NULL_CONVERSION = YES;
				CLANG_WARN_OBJC_IMPLICIT_RETAIN_SELF = YES;
				CLANG_WARN_OBJC_LITERAL_CONVERSION = YES;
				CLANG_WARN_OBJC_ROOT_CLASS = YES_ERROR;
				CLANG_WARN_QUOTED_INCLUDE_IN_FRAMEWORK_HEADER = YES;
				CLANG_WARN_RANGE_LOOP_ANALYSIS = YES;
				CLANG_WARN_STRICT_PROTOTYPES = YES;
				CLANG_WARN_SUSPICIOUS_MOVE = YES;
				CLANG_WARN_UNGUARDED_AVAILABILITY = YES_AGGRESSIVE;
				CLANG_WARN_UNREACHABLE_CODE = YES;
				CLANG_WARN__DUPLICATE_METHOD_MATCH = YES;
				COPY_PHASE_STRIP = NO;
				DEBUG_INFORMATION_FORMAT = dwarf;
				ENABLE_STRICT_OBJC_MSGSEND = YES;
				ENABLE_TESTABILITY = YES;
				GCC_C_LANGUAGE_STANDARD = gnu11;
				GCC_DYNAMIC_NO_PIC = NO;
				GCC_NO_COMMON_BLOCKS = YES;
				GCC_OPTIMIZATION_LEVEL = 0;
				GCC_PREPROCESSOR_DEFINITIONS = (
					"DEBUG=1",
					"$(inherited)",
				);
				GCC_WARN_64_TO_32_BIT_CONVERSION = YES;
				GCC_WARN_ABOUT_RETURN_TYPE = YES_ERROR;
				GCC_WARN_UNDECLARED_SELECTOR = YES;
				GCC_WARN_UNINITIALIZED_AUTOS = YES_AGGRESSIVE;
				GCC_WARN_UNUSED_FUNCTION = YES;
				GCC_WARN_UNUSED_VARIABLE = YES;
				IPHONEOS_DEPLOYMENT_TARGET = 16.1;
				MTL_ENABLE_DEBUG_INFO = INCLUDE_SOURCE;
				MTL_FAST_MATH = YES;
				ONLY_ACTIVE_ARCH = YES;
				SDKROOT = iphoneos;
				SWIFT_ACTIVE_COMPILATION_CONDITIONS = DEBUG;
				SWIFT_OPTIMIZATION_LEVEL = "-Onone";
			};
			name = Debug;
		};
		472277D62947A4BC00F096E8 /* Release */ = {
			isa = XCBuildConfiguration;
			buildSettings = {
				ALWAYS_SEARCH_USER_PATHS = NO;
				CLANG_ANALYZER_NONNULL = YES;
				CLANG_ANALYZER_NUMBER_OBJECT_CONVERSION = YES_AGGRESSIVE;
				CLANG_CXX_LANGUAGE_STANDARD = "gnu++20";
				CLANG_ENABLE_MODULES = YES;
				CLANG_ENABLE_OBJC_ARC = YES;
				CLANG_ENABLE_OBJC_WEAK = YES;
				CLANG_WARN_BLOCK_CAPTURE_AUTORELEASING = YES;
				CLANG_WARN_BOOL_CONVERSION = YES;
				CLANG_WARN_COMMA = YES;
				CLANG_WARN_CONSTANT_CONVERSION = YES;
				CLANG_WARN_DEPRECATED_OBJC_IMPLEMENTATIONS = YES;
				CLANG_WARN_DIRECT_OBJC_ISA_USAGE = YES_ERROR;
				CLANG_WARN_DOCUMENTATION_COMMENTS = YES;
				CLANG_WARN_EMPTY_BODY = YES;
				CLANG_WARN_ENUM_CONVERSION = YES;
				CLANG_WARN_INFINITE_RECURSION = YES;
				CLANG_WARN_INT_CONVERSION = YES;
				CLANG_WARN_NON_LITERAL_NULL_CONVERSION = YES;
				CLANG_WARN_OBJC_IMPLICIT_RETAIN_SELF = YES;
				CLANG_WARN_OBJC_LITERAL_CONVERSION = YES;
				CLANG_WARN_OBJC_ROOT_CLASS = YES_ERROR;
				CLANG_WARN_QUOTED_INCLUDE_IN_FRAMEWORK_HEADER = YES;
				CLANG_WARN_RANGE_LOOP_ANALYSIS = YES;
				CLANG_WARN_STRICT_PROTOTYPES = YES;
				CLANG_WARN_SUSPICIOUS_MOVE = YES;
				CLANG_WARN_UNGUARDED_AVAILABILITY = YES_AGGRESSIVE;
				CLANG_WARN_UNREACHABLE_CODE = YES;
				CLANG_WARN__DUPLICATE_METHOD_MATCH = YES;
				COPY_PHASE_STRIP = NO;
				DEBUG_INFORMATION_FORMAT = "dwarf-with-dsym";
				ENABLE_NS_ASSERTIONS = NO;
				ENABLE_STRICT_OBJC_MSGSEND = YES;
				GCC_C_LANGUAGE_STANDARD = gnu11;
				GCC_NO_COMMON_BLOCKS = YES;
				GCC_WARN_64_TO_32_BIT_CONVERSION = YES;
				GCC_WARN_ABOUT_RETURN_TYPE = YES_ERROR;
				GCC_WARN_UNDECLARED_SELECTOR = YES;
				GCC_WARN_UNINITIALIZED_AUTOS = YES_AGGRESSIVE;
				GCC_WARN_UNUSED_FUNCTION = YES;
				GCC_WARN_UNUSED_VARIABLE = YES;
				IPHONEOS_DEPLOYMENT_TARGET = 16.1;
				MTL_ENABLE_DEBUG_INFO = NO;
				MTL_FAST_MATH = YES;
				SDKROOT = iphoneos;
				SWIFT_COMPILATION_MODE = wholemodule;
				SWIFT_OPTIMIZATION_LEVEL = "-O";
				VALIDATE_PRODUCT = YES;
			};
			name = Release;
		};
		472277D82947A4BC00F096E8 /* Debug */ = {
			isa = XCBuildConfiguration;
			buildSettings = {
				ASSETCATALOG_COMPILER_APPICON_NAME = AppIcon;
				ASSETCATALOG_COMPILER_GLOBAL_ACCENT_COLOR_NAME = AccentColor;
				CODE_SIGN_STYLE = Automatic;
				CURRENT_PROJECT_VERSION = 1;
				DEVELOPMENT_TEAM = 4BFJ39FPC5;
				GENERATE_INFOPLIST_FILE = YES;
				INFOPLIST_FILE = GitHubFollowers/Info.plist;
				INFOPLIST_KEY_UIApplicationSupportsIndirectInputEvents = YES;
				INFOPLIST_KEY_UILaunchStoryboardName = LaunchScreen;
				INFOPLIST_KEY_UISupportedInterfaceOrientations = UIInterfaceOrientationPortrait;
				IPHONEOS_DEPLOYMENT_TARGET = 13.1;
				LD_RUNPATH_SEARCH_PATHS = (
					"$(inherited)",
					"@executable_path/Frameworks",
				);
				MARKETING_VERSION = 1.0;
				PRODUCT_BUNDLE_IDENTIFIER = BetoCorp.GitHubFollowers;
				PRODUCT_NAME = "$(TARGET_NAME)";
				SUPPORTED_PLATFORMS = "iphoneos iphonesimulator";
				SUPPORTS_MACCATALYST = NO;
				SUPPORTS_MAC_DESIGNED_FOR_IPHONE_IPAD = YES;
				SWIFT_EMIT_LOC_STRINGS = YES;
				SWIFT_VERSION = 5.0;
				TARGETED_DEVICE_FAMILY = "1,2";
			};
			name = Debug;
		};
		472277D92947A4BC00F096E8 /* Release */ = {
			isa = XCBuildConfiguration;
			buildSettings = {
				ASSETCATALOG_COMPILER_APPICON_NAME = AppIcon;
				ASSETCATALOG_COMPILER_GLOBAL_ACCENT_COLOR_NAME = AccentColor;
				CODE_SIGN_STYLE = Automatic;
				CURRENT_PROJECT_VERSION = 1;
				DEVELOPMENT_TEAM = 4BFJ39FPC5;
				GENERATE_INFOPLIST_FILE = YES;
				INFOPLIST_FILE = GitHubFollowers/Info.plist;
				INFOPLIST_KEY_UIApplicationSupportsIndirectInputEvents = YES;
				INFOPLIST_KEY_UILaunchStoryboardName = LaunchScreen;
				INFOPLIST_KEY_UISupportedInterfaceOrientations = UIInterfaceOrientationPortrait;
				IPHONEOS_DEPLOYMENT_TARGET = 13.1;
				LD_RUNPATH_SEARCH_PATHS = (
					"$(inherited)",
					"@executable_path/Frameworks",
				);
				MARKETING_VERSION = 1.0;
				PRODUCT_BUNDLE_IDENTIFIER = BetoCorp.GitHubFollowers;
				PRODUCT_NAME = "$(TARGET_NAME)";
				SUPPORTED_PLATFORMS = "iphoneos iphonesimulator";
				SUPPORTS_MACCATALYST = NO;
				SUPPORTS_MAC_DESIGNED_FOR_IPHONE_IPAD = YES;
				SWIFT_EMIT_LOC_STRINGS = YES;
				SWIFT_VERSION = 5.0;
				TARGETED_DEVICE_FAMILY = "1,2";
			};
			name = Release;
		};
/* End XCBuildConfiguration section */

/* Begin XCConfigurationList section */
		472277BE2947A4B800F096E8 /* Build configuration list for PBXProject "GitHubFollowers" */ = {
			isa = XCConfigurationList;
			buildConfigurations = (
				472277D52947A4BC00F096E8 /* Debug */,
				472277D62947A4BC00F096E8 /* Release */,
			);
			defaultConfigurationIsVisible = 0;
			defaultConfigurationName = Release;
		};
		472277D72947A4BC00F096E8 /* Build configuration list for PBXNativeTarget "GitHubFollowers" */ = {
			isa = XCConfigurationList;
			buildConfigurations = (
				472277D82947A4BC00F096E8 /* Debug */,
				472277D92947A4BC00F096E8 /* Release */,
			);
			defaultConfigurationIsVisible = 0;
			defaultConfigurationName = Release;
		};
/* End XCConfigurationList section */
	};
	rootObject = 472277BB2947A4B800F096E8 /* Project object */;
}
